// !$*UTF8*$!
{
	archiveVersion = 1;
	classes = {
	};
	objectVersion = 56;
	objects = {

/* Begin PBXBuildFile section */
		3D51FA162BE0228500C717C6 /* CoinDetails.swift in Sources */ = {isa = PBXBuildFile; fileRef = 3D51FA152BE0228500C717C6 /* CoinDetails.swift */; };
		3D51FA1A2BE02B3C00C717C6 /* CoinDetailsViewModel.swift in Sources */ = {isa = PBXBuildFile; fileRef = 3D51FA192BE02B3C00C717C6 /* CoinDetailsViewModel.swift */; };
		3D51FA1C2BE02DA800C717C6 /* CoinDetailsView.swift in Sources */ = {isa = PBXBuildFile; fileRef = 3D51FA1B2BE02DA800C717C6 /* CoinDetailsView.swift */; };
		3D80FB9E2BE46F5C00A0673D /* CoinTrackerTests.swift in Sources */ = {isa = PBXBuildFile; fileRef = 3D80FB9D2BE46F5C00A0673D /* CoinTrackerTests.swift */; };
		3D80FBA72BE471C300A0673D /* TestData.swift in Sources */ = {isa = PBXBuildFile; fileRef = 3D80FBA62BE471C300A0673D /* TestData.swift */; };
		3D9F9B702BD7810F007DDD59 /* CoinTrackerApp.swift in Sources */ = {isa = PBXBuildFile; fileRef = 3D9F9B6F2BD7810F007DDD59 /* CoinTrackerApp.swift */; };
		3D9F9B722BD7810F007DDD59 /* ContentView.swift in Sources */ = {isa = PBXBuildFile; fileRef = 3D9F9B712BD7810F007DDD59 /* ContentView.swift */; };
		3D9F9B742BD78110007DDD59 /* Assets.xcassets in Resources */ = {isa = PBXBuildFile; fileRef = 3D9F9B732BD78110007DDD59 /* Assets.xcassets */; };
		3D9F9B772BD78110007DDD59 /* Preview Assets.xcassets in Resources */ = {isa = PBXBuildFile; fileRef = 3D9F9B762BD78110007DDD59 /* Preview Assets.xcassets */; };
		3D9F9B842BD7845C007DDD59 /* CoinsViewModel.swift in Sources */ = {isa = PBXBuildFile; fileRef = 3D9F9B832BD7845C007DDD59 /* CoinsViewModel.swift */; };
		3D9F9B872BD88D02007DDD59 /* CoinDataService.swift in Sources */ = {isa = PBXBuildFile; fileRef = 3D9F9B862BD88D02007DDD59 /* CoinDataService.swift */; };
		3D9F9B892BD967C6007DDD59 /* Coin.swift in Sources */ = {isa = PBXBuildFile; fileRef = 3D9F9B882BD967C6007DDD59 /* Coin.swift */; };
		3DB8B3342BDAAC930020A9CA /* CoinAPIError.swift in Sources */ = {isa = PBXBuildFile; fileRef = 3DB8B3332BDAAC930020A9CA /* CoinAPIError.swift */; };
		3DC2CCD72BE2DC6500DE021F /* CoinDetailsCache.swift in Sources */ = {isa = PBXBuildFile; fileRef = 3DC2CCD62BE2DC6500DE021F /* CoinDetailsCache.swift */; };
		3DC2CCD92BE2E44B00DE021F /* README.md in Resources */ = {isa = PBXBuildFile; fileRef = 3DC2CCD82BE2E44B00DE021F /* README.md */; };
/* End PBXBuildFile section */

/* Begin PBXContainerItemProxy section */
		3D80FB9F2BE46F5C00A0673D /* PBXContainerItemProxy */ = {
			isa = PBXContainerItemProxy;
			containerPortal = 3D9F9B642BD7810F007DDD59 /* Project object */;
			proxyType = 1;
			remoteGlobalIDString = 3D9F9B6B2BD7810F007DDD59;
			remoteInfo = CoinTracker;
		};
/* End PBXContainerItemProxy section */

/* Begin PBXFileReference section */
		3D51FA152BE0228500C717C6 /* CoinDetails.swift */ = {isa = PBXFileReference; lastKnownFileType = sourcecode.swift; path = CoinDetails.swift; sourceTree = "<group>"; };
		3D51FA192BE02B3C00C717C6 /* CoinDetailsViewModel.swift */ = {isa = PBXFileReference; lastKnownFileType = sourcecode.swift; path = CoinDetailsViewModel.swift; sourceTree = "<group>"; };
		3D51FA1B2BE02DA800C717C6 /* CoinDetailsView.swift */ = {isa = PBXFileReference; lastKnownFileType = sourcecode.swift; path = CoinDetailsView.swift; sourceTree = "<group>"; };
		3D80FB9B2BE46F5B00A0673D /* CoinTrackerTests.xctest */ = {isa = PBXFileReference; explicitFileType = wrapper.cfbundle; includeInIndex = 0; path = CoinTrackerTests.xctest; sourceTree = BUILT_PRODUCTS_DIR; };
		3D80FB9D2BE46F5C00A0673D /* CoinTrackerTests.swift */ = {isa = PBXFileReference; lastKnownFileType = sourcecode.swift; path = CoinTrackerTests.swift; sourceTree = "<group>"; };
		3D80FBA62BE471C300A0673D /* TestData.swift */ = {isa = PBXFileReference; lastKnownFileType = sourcecode.swift; path = TestData.swift; sourceTree = "<group>"; };
		3D9F9B6C2BD7810F007DDD59 /* CoinTracker.app */ = {isa = PBXFileReference; explicitFileType = wrapper.application; includeInIndex = 0; path = CoinTracker.app; sourceTree = BUILT_PRODUCTS_DIR; };
		3D9F9B6F2BD7810F007DDD59 /* CoinTrackerApp.swift */ = {isa = PBXFileReference; lastKnownFileType = sourcecode.swift; path = CoinTrackerApp.swift; sourceTree = "<group>"; };
		3D9F9B712BD7810F007DDD59 /* ContentView.swift */ = {isa = PBXFileReference; lastKnownFileType = sourcecode.swift; path = ContentView.swift; sourceTree = "<group>"; };
		3D9F9B732BD78110007DDD59 /* Assets.xcassets */ = {isa = PBXFileReference; lastKnownFileType = folder.assetcatalog; path = Assets.xcassets; sourceTree = "<group>"; };
		3D9F9B762BD78110007DDD59 /* Preview Assets.xcassets */ = {isa = PBXFileReference; lastKnownFileType = folder.assetcatalog; path = "Preview Assets.xcassets"; sourceTree = "<group>"; };
		3D9F9B832BD7845C007DDD59 /* CoinsViewModel.swift */ = {isa = PBXFileReference; lastKnownFileType = sourcecode.swift; path = CoinsViewModel.swift; sourceTree = "<group>"; };
		3D9F9B862BD88D02007DDD59 /* CoinDataService.swift */ = {isa = PBXFileReference; lastKnownFileType = sourcecode.swift; path = CoinDataService.swift; sourceTree = "<group>"; };
		3D9F9B882BD967C6007DDD59 /* Coin.swift */ = {isa = PBXFileReference; fileEncoding = 4; lastKnownFileType = sourcecode.swift; path = Coin.swift; sourceTree = "<group>"; };
		3DB8B3332BDAAC930020A9CA /* CoinAPIError.swift */ = {isa = PBXFileReference; lastKnownFileType = sourcecode.swift; path = CoinAPIError.swift; sourceTree = "<group>"; };
		3DC2CCD62BE2DC6500DE021F /* CoinDetailsCache.swift */ = {isa = PBXFileReference; lastKnownFileType = sourcecode.swift; path = CoinDetailsCache.swift; sourceTree = "<group>"; };
		3DC2CCD82BE2E44B00DE021F /* README.md */ = {isa = PBXFileReference; fileEncoding = 4; lastKnownFileType = net.daringfireball.markdown; path = README.md; sourceTree = "<group>"; };
/* End PBXFileReference section */

/* Begin PBXFrameworksBuildPhase section */
		3D80FB982BE46F5B00A0673D /* Frameworks */ = {
			isa = PBXFrameworksBuildPhase;
			buildActionMask = 2147483647;
			files = (
			);
			runOnlyForDeploymentPostprocessing = 0;
		};
		3D9F9B692BD7810F007DDD59 /* Frameworks */ = {
			isa = PBXFrameworksBuildPhase;
			buildActionMask = 2147483647;
			files = (
			);
			runOnlyForDeploymentPostprocessing = 0;
		};
/* End PBXFrameworksBuildPhase section */

/* Begin PBXGroup section */
		3D51FA132BE0226E00C717C6 /* CoinDetails */ = {
			isa = PBXGroup;
			children = (
				3DC2CCD52BE2DC5400DE021F /* Cache */,
				3D51FA172BE0228900C717C6 /* View */,
				3D51FA182BE02B1D00C717C6 /* ViewModel */,
				3D51FA142BE0227C00C717C6 /* Model */,
			);
			path = CoinDetails;
			sourceTree = "<group>";
		};
		3D51FA142BE0227C00C717C6 /* Model */ = {
			isa = PBXGroup;
			children = (
				3D51FA152BE0228500C717C6 /* CoinDetails.swift */,
			);
			path = Model;
			sourceTree = "<group>";
		};
		3D51FA172BE0228900C717C6 /* View */ = {
			isa = PBXGroup;
			children = (
				3D51FA1B2BE02DA800C717C6 /* CoinDetailsView.swift */,
			);
			path = View;
			sourceTree = "<group>";
		};
		3D51FA182BE02B1D00C717C6 /* ViewModel */ = {
			isa = PBXGroup;
			children = (
				3D51FA192BE02B3C00C717C6 /* CoinDetailsViewModel.swift */,
			);
			path = ViewModel;
			sourceTree = "<group>";
		};
		3D80FB9C2BE46F5C00A0673D /* CoinTrackerTests */ = {
			isa = PBXGroup;
			children = (
				3D80FB9D2BE46F5C00A0673D /* CoinTrackerTests.swift */,
				3D80FBA62BE471C300A0673D /* TestData.swift */,
			);
			path = CoinTrackerTests;
			sourceTree = "<group>";
		};
		3D9F9B632BD7810F007DDD59 = {
			isa = PBXGroup;
			children = (
				3DC2CCD82BE2E44B00DE021F /* README.md */,
				3D9F9B6E2BD7810F007DDD59 /* CoinTracker */,
				3D80FB9C2BE46F5C00A0673D /* CoinTrackerTests */,
				3D9F9B6D2BD7810F007DDD59 /* Products */,
			);
			sourceTree = "<group>";
		};
		3D9F9B6D2BD7810F007DDD59 /* Products */ = {
			isa = PBXGroup;
			children = (
				3D9F9B6C2BD7810F007DDD59 /* CoinTracker.app */,
				3D80FB9B2BE46F5B00A0673D /* CoinTrackerTests.xctest */,
			);
			name = Products;
			sourceTree = "<group>";
		};
		3D9F9B6E2BD7810F007DDD59 /* CoinTracker */ = {
			isa = PBXGroup;
			children = (
				3D9F9B822BD781A5007DDD59 /* App */,
				3D9F9B812BD7819A007DDD59 /* Core */,
				3D9F9B732BD78110007DDD59 /* Assets.xcassets */,
				3D9F9B752BD78110007DDD59 /* Preview Content */,
			);
			path = CoinTracker;
			sourceTree = "<group>";
		};
		3D9F9B752BD78110007DDD59 /* Preview Content */ = {
			isa = PBXGroup;
			children = (
				3D9F9B762BD78110007DDD59 /* Preview Assets.xcassets */,
			);
			path = "Preview Content";
			sourceTree = "<group>";
		};
		3D9F9B7D2BD78136007DDD59 /* AllCoins */ = {
			isa = PBXGroup;
			children = (
				3D9F9B852BD88CF1007DDD59 /* Service */,
				3D9F9B802BD78150007DDD59 /* Model */,
				3D9F9B7E2BD78149007DDD59 /* View */,
				3D9F9B7F2BD7814C007DDD59 /* ViewModel */,
			);
			path = AllCoins;
			sourceTree = "<group>";
		};
		3D9F9B7E2BD78149007DDD59 /* View */ = {
			isa = PBXGroup;
			children = (
				3D9F9B712BD7810F007DDD59 /* ContentView.swift */,
			);
			path = View;
			sourceTree = "<group>";
		};
		3D9F9B7F2BD7814C007DDD59 /* ViewModel */ = {
			isa = PBXGroup;
			children = (
				3D9F9B832BD7845C007DDD59 /* CoinsViewModel.swift */,
			);
			path = ViewModel;
			sourceTree = "<group>";
		};
		3D9F9B802BD78150007DDD59 /* Model */ = {
			isa = PBXGroup;
			children = (
				3D9F9B882BD967C6007DDD59 /* Coin.swift */,
				3DB8B3332BDAAC930020A9CA /* CoinAPIError.swift */,
			);
			path = Model;
			sourceTree = "<group>";
		};
		3D9F9B812BD7819A007DDD59 /* Core */ = {
			isa = PBXGroup;
			children = (
				3D51FA132BE0226E00C717C6 /* CoinDetails */,
				3D9F9B7D2BD78136007DDD59 /* AllCoins */,
			);
			path = Core;
			sourceTree = "<group>";
		};
		3D9F9B822BD781A5007DDD59 /* App */ = {
			isa = PBXGroup;
			children = (
				3D9F9B6F2BD7810F007DDD59 /* CoinTrackerApp.swift */,
			);
			path = App;
			sourceTree = "<group>";
		};
		3D9F9B852BD88CF1007DDD59 /* Service */ = {
			isa = PBXGroup;
			children = (
				3D9F9B862BD88D02007DDD59 /* CoinDataService.swift */,
			);
			path = Service;
			sourceTree = "<group>";
		};
		3DC2CCD52BE2DC5400DE021F /* Cache */ = {
			isa = PBXGroup;
			children = (
				3DC2CCD62BE2DC6500DE021F /* CoinDetailsCache.swift */,
			);
			path = Cache;
			sourceTree = "<group>";
		};
/* End PBXGroup section */

/* Begin PBXNativeTarget section */
		3D80FB9A2BE46F5B00A0673D /* CoinTrackerTests */ = {
			isa = PBXNativeTarget;
			buildConfigurationList = 3D80FBA32BE46F5C00A0673D /* Build configuration list for PBXNativeTarget "CoinTrackerTests" */;
			buildPhases = (
				3D80FB972BE46F5B00A0673D /* Sources */,
				3D80FB982BE46F5B00A0673D /* Frameworks */,
				3D80FB992BE46F5B00A0673D /* Resources */,
			);
			buildRules = (
			);
			dependencies = (
				3D80FBA02BE46F5C00A0673D /* PBXTargetDependency */,
			);
			name = CoinTrackerTests;
			productName = CoinTrackerTests;
			productReference = 3D80FB9B2BE46F5B00A0673D /* CoinTrackerTests.xctest */;
			productType = "com.apple.product-type.bundle.unit-test";
		};
		3D9F9B6B2BD7810F007DDD59 /* CoinTracker */ = {
			isa = PBXNativeTarget;
			buildConfigurationList = 3D9F9B7A2BD78110007DDD59 /* Build configuration list for PBXNativeTarget "CoinTracker" */;
			buildPhases = (
				3D9F9B682BD7810F007DDD59 /* Sources */,
				3D9F9B692BD7810F007DDD59 /* Frameworks */,
				3D9F9B6A2BD7810F007DDD59 /* Resources */,
			);
			buildRules = (
			);
			dependencies = (
			);
			name = CoinTracker;
			productName = CoinTracker;
			productReference = 3D9F9B6C2BD7810F007DDD59 /* CoinTracker.app */;
			productType = "com.apple.product-type.application";
		};
/* End PBXNativeTarget section */

/* Begin PBXProject section */
		3D9F9B642BD7810F007DDD59 /* Project object */ = {
			isa = PBXProject;
			attributes = {
				BuildIndependentTargetsInParallel = 1;
				LastSwiftUpdateCheck = 1530;
				LastUpgradeCheck = 1530;
				TargetAttributes = {
					3D80FB9A2BE46F5B00A0673D = {
						CreatedOnToolsVersion = 15.3;
						TestTargetID = 3D9F9B6B2BD7810F007DDD59;
					};
					3D9F9B6B2BD7810F007DDD59 = {
						CreatedOnToolsVersion = 15.3;
					};
				};
			};
			buildConfigurationList = 3D9F9B672BD7810F007DDD59 /* Build configuration list for PBXProject "CoinTracker" */;
			compatibilityVersion = "Xcode 14.0";
			developmentRegion = en;
			hasScannedForEncodings = 0;
			knownRegions = (
				en,
				Base,
			);
			mainGroup = 3D9F9B632BD7810F007DDD59;
			productRefGroup = 3D9F9B6D2BD7810F007DDD59 /* Products */;
			projectDirPath = "";
			projectRoot = "";
			targets = (
				3D9F9B6B2BD7810F007DDD59 /* CoinTracker */,
				3D80FB9A2BE46F5B00A0673D /* CoinTrackerTests */,
			);
		};
/* End PBXProject section */

/* Begin PBXResourcesBuildPhase section */
		3D80FB992BE46F5B00A0673D /* Resources */ = {
			isa = PBXResourcesBuildPhase;
			buildActionMask = 2147483647;
			files = (
			);
			runOnlyForDeploymentPostprocessing = 0;
		};
		3D9F9B6A2BD7810F007DDD59 /* Resources */ = {
			isa = PBXResourcesBuildPhase;
			buildActionMask = 2147483647;
			files = (
				3DC2CCD92BE2E44B00DE021F /* README.md in Resources */,
				3D9F9B772BD78110007DDD59 /* Preview Assets.xcassets in Resources */,
				3D9F9B742BD78110007DDD59 /* Assets.xcassets in Resources */,
			);
			runOnlyForDeploymentPostprocessing = 0;
		};
/* End PBXResourcesBuildPhase section */

/* Begin PBXSourcesBuildPhase section */
		3D80FB972BE46F5B00A0673D /* Sources */ = {
			isa = PBXSourcesBuildPhase;
			buildActionMask = 2147483647;
			files = (
				3D80FB9E2BE46F5C00A0673D /* CoinTrackerTests.swift in Sources */,
				3D80FBA72BE471C300A0673D /* TestData.swift in Sources */,
			);
			runOnlyForDeploymentPostprocessing = 0;
		};
		3D9F9B682BD7810F007DDD59 /* Sources */ = {
			isa = PBXSourcesBuildPhase;
			buildActionMask = 2147483647;
			files = (
				3D51FA1A2BE02B3C00C717C6 /* CoinDetailsViewModel.swift in Sources */,
				3D51FA162BE0228500C717C6 /* CoinDetails.swift in Sources */,
				3DB8B3342BDAAC930020A9CA /* CoinAPIError.swift in Sources */,
				3D9F9B872BD88D02007DDD59 /* CoinDataService.swift in Sources */,
				3D9F9B722BD7810F007DDD59 /* ContentView.swift in Sources */,
				3D9F9B842BD7845C007DDD59 /* CoinsViewModel.swift in Sources */,
				3D9F9B892BD967C6007DDD59 /* Coin.swift in Sources */,
				3D51FA1C2BE02DA800C717C6 /* CoinDetailsView.swift in Sources */,
				3DC2CCD72BE2DC6500DE021F /* CoinDetailsCache.swift in Sources */,
				3D9F9B702BD7810F007DDD59 /* CoinTrackerApp.swift in Sources */,
			);
			runOnlyForDeploymentPostprocessing = 0;
		};
/* End PBXSourcesBuildPhase section */

/* Begin PBXTargetDependency section */
		3D80FBA02BE46F5C00A0673D /* PBXTargetDependency */ = {
			isa = PBXTargetDependency;
			target = 3D9F9B6B2BD7810F007DDD59 /* CoinTracker */;
			targetProxy = 3D80FB9F2BE46F5C00A0673D /* PBXContainerItemProxy */;
		};
/* End PBXTargetDependency section */

/* Begin XCBuildConfiguration section */
		3D80FBA12BE46F5C00A0673D /* Debug */ = {
			isa = XCBuildConfiguration;
			buildSettings = {
				BUNDLE_LOADER = "$(TEST_HOST)";
				CODE_SIGN_STYLE = Automatic;
				CURRENT_PROJECT_VERSION = 1;
				DEVELOPMENT_TEAM = 2T49RF56HJ;
				GENERATE_INFOPLIST_FILE = YES;
				MARKETING_VERSION = 1.0;
				PRODUCT_BUNDLE_IDENTIFIER = com.bobbrysonn.CoinTrackerTests;
				PRODUCT_NAME = "$(TARGET_NAME)";
				SWIFT_EMIT_LOC_STRINGS = NO;
				SWIFT_VERSION = 5.0;
				TARGETED_DEVICE_FAMILY = "1,2";
				TEST_HOST = "$(BUILT_PRODUCTS_DIR)/CoinTracker.app/$(BUNDLE_EXECUTABLE_FOLDER_PATH)/CoinTracker";
			};
			name = Debug;
		};
		3D80FBA22BE46F5C00A0673D /* Release */ = {
			isa = XCBuildConfiguration;
			buildSettings = {
				BUNDLE_LOADER = "$(TEST_HOST)";
				CODE_SIGN_STYLE = Automatic;
				CURRENT_PROJECT_VERSION = 1;
				DEVELOPMENT_TEAM = 2T49RF56HJ;
				GENERATE_INFOPLIST_FILE = YES;
				MARKETING_VERSION = 1.0;
				PRODUCT_BUNDLE_IDENTIFIER = com.bobbrysonn.CoinTrackerTests;
				PRODUCT_NAME = "$(TARGET_NAME)";
				SWIFT_EMIT_LOC_STRINGS = NO;
				SWIFT_VERSION = 5.0;
				TARGETED_DEVICE_FAMILY = "1,2";
				TEST_HOST = "$(BUILT_PRODUCTS_DIR)/CoinTracker.app/$(BUNDLE_EXECUTABLE_FOLDER_PATH)/CoinTracker";
			};
			name = Release;
		};
		3D9F9B782BD78110007DDD59 /* Debug */ = {
			isa = XCBuildConfiguration;
			buildSettings = {
				ALWAYS_SEARCH_USER_PATHS = NO;
				ASSETCATALOG_COMPILER_GENERATE_SWIFT_ASSET_SYMBOL_EXTENSIONS = YES;
				CLANG_ANALYZER_NONNULL = YES;
				CLANG_ANALYZER_NUMBER_OBJECT_CONVERSION = YES_AGGRESSIVE;
				CLANG_CXX_LANGUAGE_STANDARD = "gnu++20";
				CLANG_ENABLE_MODULES = YES;
				CLANG_ENABLE_OBJC_ARC = YES;
				CLANG_ENABLE_OBJC_WEAK = YES;
				CLANG_WARN_BLOCK_CAPTURE_AUTORELEASING = YES;
				CLANG_WARN_BOOL_CONVERSION = YES;
				CLANG_WARN_COMMA = YES;
				CLANG_WARN_CONSTANT_CONVERSION = YES;
				CLANG_WARN_DEPRECATED_OBJC_IMPLEMENTATIONS = YES;
				CLANG_WARN_DIRECT_OBJC_ISA_USAGE = YES_ERROR;
				CLANG_WARN_DOCUMENTATION_COMMENTS = YES;
				CLANG_WARN_EMPTY_BODY = YES;
				CLANG_WARN_ENUM_CONVERSION = YES;
				CLANG_WARN_INFINITE_RECURSION = YES;
				CLANG_WARN_INT_CONVERSION = YES;
				CLANG_WARN_NON_LITERAL_NULL_CONVERSION = YES;
				CLANG_WARN_OBJC_IMPLICIT_RETAIN_SELF = YES;
				CLANG_WARN_OBJC_LITERAL_CONVERSION = YES;
				CLANG_WARN_OBJC_ROOT_CLASS = YES_ERROR;
				CLANG_WARN_QUOTED_INCLUDE_IN_FRAMEWORK_HEADER = YES;
				CLANG_WARN_RANGE_LOOP_ANALYSIS = YES;
				CLANG_WARN_STRICT_PROTOTYPES = YES;
				CLANG_WARN_SUSPICIOUS_MOVE = YES;
				CLANG_WARN_UNGUARDED_AVAILABILITY = YES_AGGRESSIVE;
				CLANG_WARN_UNREACHABLE_CODE = YES;
				CLANG_WARN__DUPLICATE_METHOD_MATCH = YES;
				COPY_PHASE_STRIP = NO;
				DEBUG_INFORMATION_FORMAT = dwarf;
				ENABLE_STRICT_OBJC_MSGSEND = YES;
				ENABLE_TESTABILITY = YES;
				ENABLE_USER_SCRIPT_SANDBOXING = YES;
				GCC_C_LANGUAGE_STANDARD = gnu17;
				GCC_DYNAMIC_NO_PIC = NO;
				GCC_NO_COMMON_BLOCKS = YES;
				GCC_OPTIMIZATION_LEVEL = 0;
				GCC_PREPROCESSOR_DEFINITIONS = (
					"DEBUG=1",
					"$(inherited)",
				);
				GCC_WARN_64_TO_32_BIT_CONVERSION = YES;
				GCC_WARN_ABOUT_RETURN_TYPE = YES_ERROR;
				GCC_WARN_UNDECLARED_SELECTOR = YES;
				GCC_WARN_UNINITIALIZED_AUTOS = YES_AGGRESSIVE;
				GCC_WARN_UNUSED_FUNCTION = YES;
				GCC_WARN_UNUSED_VARIABLE = YES;
				IPHONEOS_DEPLOYMENT_TARGET = 17.4;
				LOCALIZATION_PREFERS_STRING_CATALOGS = YES;
				MTL_ENABLE_DEBUG_INFO = INCLUDE_SOURCE;
				MTL_FAST_MATH = YES;
				ONLY_ACTIVE_ARCH = YES;
				SDKROOT = iphoneos;
				SWIFT_ACTIVE_COMPILATION_CONDITIONS = "DEBUG $(inherited)";
				SWIFT_OPTIMIZATION_LEVEL = "-Onone";
			};
			name = Debug;
		};
		3D9F9B792BD78110007DDD59 /* Release */ = {
			isa = XCBuildConfiguration;
			buildSettings = {
				ALWAYS_SEARCH_USER_PATHS = NO;
				ASSETCATALOG_COMPILER_GENERATE_SWIFT_ASSET_SYMBOL_EXTENSIONS = YES;
				CLANG_ANALYZER_NONNULL = YES;
				CLANG_ANALYZER_NUMBER_OBJECT_CONVERSION = YES_AGGRESSIVE;
				CLANG_CXX_LANGUAGE_STANDARD = "gnu++20";
				CLANG_ENABLE_MODULES = YES;
				CLANG_ENABLE_OBJC_ARC = YES;
				CLANG_ENABLE_OBJC_WEAK = YES;
				CLANG_WARN_BLOCK_CAPTURE_AUTORELEASING = YES;
				CLANG_WARN_BOOL_CONVERSION = YES;
				CLANG_WARN_COMMA = YES;
				CLANG_WARN_CONSTANT_CONVERSION = YES;
				CLANG_WARN_DEPRECATED_OBJC_IMPLEMENTATIONS = YES;
				CLANG_WARN_DIRECT_OBJC_ISA_USAGE = YES_ERROR;
				CLANG_WARN_DOCUMENTATION_COMMENTS = YES;
				CLANG_WARN_EMPTY_BODY = YES;
				CLANG_WARN_ENUM_CONVERSION = YES;
				CLANG_WARN_INFINITE_RECURSION = YES;
				CLANG_WARN_INT_CONVERSION = YES;
				CLANG_WARN_NON_LITERAL_NULL_CONVERSION = YES;
				CLANG_WARN_OBJC_IMPLICIT_RETAIN_SELF = YES;
				CLANG_WARN_OBJC_LITERAL_CONVERSION = YES;
				CLANG_WARN_OBJC_ROOT_CLASS = YES_ERROR;
				CLANG_WARN_QUOTED_INCLUDE_IN_FRAMEWORK_HEADER = YES;
				CLANG_WARN_RANGE_LOOP_ANALYSIS = YES;
				CLANG_WARN_STRICT_PROTOTYPES = YES;
				CLANG_WARN_SUSPICIOUS_MOVE = YES;
				CLANG_WARN_UNGUARDED_AVAILABILITY = YES_AGGRESSIVE;
				CLANG_WARN_UNREACHABLE_CODE = YES;
				CLANG_WARN__DUPLICATE_METHOD_MATCH = YES;
				COPY_PHASE_STRIP = NO;
				DEBUG_INFORMATION_FORMAT = "dwarf-with-dsym";
				ENABLE_NS_ASSERTIONS = NO;
				ENABLE_STRICT_OBJC_MSGSEND = YES;
				ENABLE_USER_SCRIPT_SANDBOXING = YES;
				GCC_C_LANGUAGE_STANDARD = gnu17;
				GCC_NO_COMMON_BLOCKS = YES;
				GCC_WARN_64_TO_32_BIT_CONVERSION = YES;
				GCC_WARN_ABOUT_RETURN_TYPE = YES_ERROR;
				GCC_WARN_UNDECLARED_SELECTOR = YES;
				GCC_WARN_UNINITIALIZED_AUTOS = YES_AGGRESSIVE;
				GCC_WARN_UNUSED_FUNCTION = YES;
				GCC_WARN_UNUSED_VARIABLE = YES;
				IPHONEOS_DEPLOYMENT_TARGET = 17.4;
				LOCALIZATION_PREFERS_STRING_CATALOGS = YES;
				MTL_ENABLE_DEBUG_INFO = NO;
				MTL_FAST_MATH = YES;
				SDKROOT = iphoneos;
				SWIFT_COMPILATION_MODE = wholemodule;
				VALIDATE_PRODUCT = YES;
			};
			name = Release;
		};
		3D9F9B7B2BD78110007DDD59 /* Debug */ = {
			isa = XCBuildConfiguration;
			buildSettings = {
				ASSETCATALOG_COMPILER_APPICON_NAME = AppIcon;
				ASSETCATALOG_COMPILER_GLOBAL_ACCENT_COLOR_NAME = AccentColor;
				CODE_SIGN_STYLE = Automatic;
				CURRENT_PROJECT_VERSION = 1;
				DEVELOPMENT_ASSET_PATHS = "\"CoinTracker/Preview Content\"";
				DEVELOPMENT_TEAM = 2T49RF56HJ;
				ENABLE_PREVIEWS = YES;
				GENERATE_INFOPLIST_FILE = YES;
				INFOPLIST_KEY_UIApplicationSceneManifest_Generation = YES;
				INFOPLIST_KEY_UIApplicationSupportsIndirectInputEvents = YES;
				INFOPLIST_KEY_UILaunchScreen_Generation = YES;
				INFOPLIST_KEY_UISupportedInterfaceOrientations_iPad = "UIInterfaceOrientationPortrait UIInterfaceOrientationPortraitUpsideDown UIInterfaceOrientationLandscapeLeft UIInterfaceOrientationLandscapeRight";
				INFOPLIST_KEY_UISupportedInterfaceOrientations_iPhone = "UIInterfaceOrientationPortrait UIInterfaceOrientationLandscapeLeft UIInterfaceOrientationLandscapeRight";
				LD_RUNPATH_SEARCH_PATHS = (
					"$(inherited)",
					"@executable_path/Frameworks",
				);
				MARKETING_VERSION = 1.0;
				PRODUCT_BUNDLE_IDENTIFIER = com.bobbrysonn.CoinTracker;
				PRODUCT_NAME = "$(TARGET_NAME)";
				SWIFT_EMIT_LOC_STRINGS = YES;
				SWIFT_VERSION = 5.0;
				TARGETED_DEVICE_FAMILY = "1,2";
			};
			name = Debug;
		};
		3D9F9B7C2BD78110007DDD59 /* Release */ = {
			isa = XCBuildConfiguration;
			buildSettings = {
				ASSETCATALOG_COMPILER_APPICON_NAME = AppIcon;
				ASSETCATALOG_COMPILER_GLOBAL_ACCENT_COLOR_NAME = AccentColor;
				CODE_SIGN_STYLE = Automatic;
				CURRENT_PROJECT_VERSION = 1;
				DEVELOPMENT_ASSET_PATHS = "\"CoinTracker/Preview Content\"";
				DEVELOPMENT_TEAM = 2T49RF56HJ;
				ENABLE_PREVIEWS = YES;
				GENERATE_INFOPLIST_FILE = YES;
				INFOPLIST_KEY_UIApplicationSceneManifest_Generation = YES;
				INFOPLIST_KEY_UIApplicationSupportsIndirectInputEvents = YES;
				INFOPLIST_KEY_UILaunchScreen_Generation = YES;
				INFOPLIST_KEY_UISupportedInterfaceOrientations_iPad = "UIInterfaceOrientationPortrait UIInterfaceOrientationPortraitUpsideDown UIInterfaceOrientationLandscapeLeft UIInterfaceOrientationLandscapeRight";
				INFOPLIST_KEY_UISupportedInterfaceOrientations_iPhone = "UIInterfaceOrientationPortrait UIInterfaceOrientationLandscapeLeft UIInterfaceOrientationLandscapeRight";
				LD_RUNPATH_SEARCH_PATHS = (
					"$(inherited)",
					"@executable_path/Frameworks",
				);
				MARKETING_VERSION = 1.0;
				PRODUCT_BUNDLE_IDENTIFIER = com.bobbrysonn.CoinTracker;
				PRODUCT_NAME = "$(TARGET_NAME)";
				SWIFT_EMIT_LOC_STRINGS = YES;
				SWIFT_VERSION = 5.0;
				TARGETED_DEVICE_FAMILY = "1,2";
			};
			name = Release;
		};
/* End XCBuildConfiguration section */

/* Begin XCConfigurationList section */
		3D80FBA32BE46F5C00A0673D /* Build configuration list for PBXNativeTarget "CoinTrackerTests" */ = {
			isa = XCConfigurationList;
			buildConfigurations = (
				3D80FBA12BE46F5C00A0673D /* Debug */,
				3D80FBA22BE46F5C00A0673D /* Release */,
			);
			defaultConfigurationIsVisible = 0;
			defaultConfigurationName = Release;
		};
		3D9F9B672BD7810F007DDD59 /* Build configuration list for PBXProject "CoinTracker" */ = {
			isa = XCConfigurationList;
			buildConfigurations = (
				3D9F9B782BD78110007DDD59 /* Debug */,
				3D9F9B792BD78110007DDD59 /* Release */,
			);
			defaultConfigurationIsVisible = 0;
			defaultConfigurationName = Release;
		};
		3D9F9B7A2BD78110007DDD59 /* Build configuration list for PBXNativeTarget "CoinTracker" */ = {
			isa = XCConfigurationList;
			buildConfigurations = (
				3D9F9B7B2BD78110007DDD59 /* Debug */,
				3D9F9B7C2BD78110007DDD59 /* Release */,
			);
			defaultConfigurationIsVisible = 0;
			defaultConfigurationName = Release;
		};
/* End XCConfigurationList section */
	};
	rootObject = 3D9F9B642BD7810F007DDD59 /* Project object */;
}
